Microsoft Visual Studio Solution File, Format Version 12.00
# Visual Studio Version 17
VisualStudioVersion = 17.5.2.0
MinimumVisualStudioVersion = 10.0.40219.1
Project("{FAE04EC0-301F-11D3-BF4B-00C04F79EFBC}") = "PerfAnalyzer", "PerfAnalyzer.csproj", "{A879CDD3-E0C3-09A4-3B23-9AC2F6182270}"
EndProject
Global
	GlobalSection(SolutionConfigurationPlatforms) = preSolution
		Debug|Any CPU = Debug|Any CPU
		Release|Any CPU = Release|Any CPU
	EndGlobalSection
	GlobalSection(ProjectConfigurationPlatforms) = postSolution
		{A879CDD3-E0C3-09A4-3B23-9AC2F6182270}.Debug|Any CPU.ActiveCfg = Debug|Any CPU
		{A879CDD3-E0C3-09A4-3B23-9AC2F6182270}.Debug|Any CPU.Build.0 = Debug|Any CPU
		{A879CDD3-E0C3-09A4-3B23-9AC2F6182270}.Release|Any CPU.ActiveCfg = Release|Any CPU
		{A879CDD3-E0C3-09A4-3B23-9AC2F6182270}.Release|Any CPU.Build.0 = Release|Any CPU
	EndGlobalSection
	GlobalSection(SolutionProperties) = preSolution
		HideSolutionNode = FALSE
	EndGlobalSection
	GlobalSection(ExtensibilityGlobals) = postSolution
		SolutionGuid = {B46C1BBB-1A25-4CF9-A81D-D85A8EDC22CB}
	EndGlobalSection
EndGlobal
